
Microsoft Visual Studio Solution File, Format Version 12.00
# Visual Studio Version 16
VisualStudioVersion = 16.0.30309.148
MinimumVisualStudioVersion = 10.0.40219.1
Project("{9A19103F-16F7-4668-BE54-9A1E7A4F7556}") = "App", "App\App.csproj", "{D332C0BF-6458-4C07-954E-CF270E72529A}"
EndProject
Global
	GlobalSection(SolutionConfigurationPlatforms) = preSolution
		Debug|Any CPU = Debug|Any CPU
		Release|Any CPU = Release|Any CPU
	EndGlobalSection
	GlobalSection(ProjectConfigurationPlatforms) = postSolution
		{D332C0BF-6458-4C07-954E-CF270E72529A}.Debug|Any CPU.ActiveCfg = Debug|Any CPU
		{D332C0BF-6458-4C07-954E-CF270E72529A}.Debug|Any CPU.Build.0 = Debug|Any CPU
		{D332C0BF-6458-4C07-954E-CF270E72529A}.Release|Any CPU.ActiveCfg = Release|Any CPU
		{D332C0BF-6458-4C07-954E-CF270E72529A}.Release|Any CPU.Build.0 = Release|Any CPU
	EndGlobalSection
	GlobalSection(SolutionProperties) = preSolution
		HideSolutionNode = FALSE
	EndGlobalSection
	GlobalSection(ExtensibilityGlobals) = postSolution
		SolutionGuid = {32D184F2-3164-4F3A-B98A-B1EA5904DAC6}
	EndGlobalSection
EndGlobal
